
Microsoft Visual Studio Solution File, Format Version 12.00
# Visual Studio Version 17
VisualStudioVersion = 17.8.34330.188
MinimumVisualStudioVersion = 10.0.40219.1
Project("{FAE04EC0-301F-11D3-BF4B-00C04F79EFBC}") = "EShopApi", "EShopApi\EShopApi.csproj", "{BA422A5A-363A-4746-B7F8-70E5E8111B8B}"
EndProject
Project("{FAE04EC0-301F-11D3-BF4B-00C04F79EFBC}") = "Domain", "Domain\Domain.csproj", "{FE242375-A530-4636-9016-294B5B5E1FFB}"
EndProject
Project("{FAE04EC0-301F-11D3-BF4B-00C04F79EFBC}") = "Infastructure", "Infastructure\Infastructure.csproj", "{E9E51D03-1758-4FB9-80AE-AE036C57AC25}"
EndProject
Project("{FAE04EC0-301F-11D3-BF4B-00C04F79EFBC}") = "Aplication", "Aplication\Aplication.csproj", "{557D876F-6FBF-4D4F-9590-6F18DA58686E}"
EndProject
Global
	GlobalSection(SolutionConfigurationPlatforms) = preSolution
		Debug|Any CPU = Debug|Any CPU
		Release|Any CPU = Release|Any CPU
	EndGlobalSection
	GlobalSection(ProjectConfigurationPlatforms) = postSolution
		{BA422A5A-363A-4746-B7F8-70E5E8111B8B}.Debug|Any CPU.ActiveCfg = Debug|Any CPU
		{BA422A5A-363A-4746-B7F8-70E5E8111B8B}.Debug|Any CPU.Build.0 = Debug|Any CPU
		{BA422A5A-363A-4746-B7F8-70E5E8111B8B}.Release|Any CPU.ActiveCfg = Release|Any CPU
		{BA422A5A-363A-4746-B7F8-70E5E8111B8B}.Release|Any CPU.Build.0 = Release|Any CPU
		{FE242375-A530-4636-9016-294B5B5E1FFB}.Debug|Any CPU.ActiveCfg = Debug|Any CPU
		{FE242375-A530-4636-9016-294B5B5E1FFB}.Debug|Any CPU.Build.0 = Debug|Any CPU
		{FE242375-A530-4636-9016-294B5B5E1FFB}.Release|Any CPU.ActiveCfg = Release|Any CPU
		{FE242375-A530-4636-9016-294B5B5E1FFB}.Release|Any CPU.Build.0 = Release|Any CPU
		{E9E51D03-1758-4FB9-80AE-AE036C57AC25}.Debug|Any CPU.ActiveCfg = Debug|Any CPU
		{E9E51D03-1758-4FB9-80AE-AE036C57AC25}.Debug|Any CPU.Build.0 = Debug|Any CPU
		{E9E51D03-1758-4FB9-80AE-AE036C57AC25}.Release|Any CPU.ActiveCfg = Release|Any CPU
		{E9E51D03-1758-4FB9-80AE-AE036C57AC25}.Release|Any CPU.Build.0 = Release|Any CPU
		{557D876F-6FBF-4D4F-9590-6F18DA58686E}.Debug|Any CPU.ActiveCfg = Debug|Any CPU
		{557D876F-6FBF-4D4F-9590-6F18DA58686E}.Debug|Any CPU.Build.0 = Debug|Any CPU
		{557D876F-6FBF-4D4F-9590-6F18DA58686E}.Release|Any CPU.ActiveCfg = Release|Any CPU
		{557D876F-6FBF-4D4F-9590-6F18DA58686E}.Release|Any CPU.Build.0 = Release|Any CPU
	EndGlobalSection
	GlobalSection(SolutionProperties) = preSolution
		HideSolutionNode = FALSE
	EndGlobalSection
	GlobalSection(ExtensibilityGlobals) = postSolution
		SolutionGuid = {66DDF2D5-ECD2-482E-9BF2-9FCF9372BFF7}
	EndGlobalSection
EndGlobal
